<?xml version="1.0" encoding="utf-8"?>
<Project ToolsVersion="4.0" xmlns="http://schemas.microsoft.com/developer/msbuild/2003">
  <ItemGroup>
    <Filter Include="Quelldateien">
      <UniqueIdentifier>{4FC737F1-C7A5-4376-A066-2A32D752A2FF}</UniqueIdentifier>
      <Extensions>cpp;c;cc;cxx;c++;cppm;ixx;def;odl;idl;hpj;bat;asm;asmx</Extensions>
    </Filter>
    <Filter Include="Headerdateien">
      <UniqueIdentifier>{93995380-89BD-4b04-88EB-625FBE52EBFB}</UniqueIdentifier>
      <Extensions>h;hh;hpp;hxx;h++;hm;inl;inc;ipp;xsd</Extensions>
    </Filter>
    <Filter Include="Ressourcendateien">
      <UniqueIdentifier>{67DA6AB6-F800-4c08-8B7A-83BB121AAD01}</UniqueIdentifier>
      <Extensions>rc;ico;cur;bmp;dlg;rc2;rct;bin;rgs;gif;jpg;jpeg;jpe;resx;tiff;tif;png;wav;mfcribbon-ms</Extensions>
    </Filter>
  </ItemGroup>
  <ItemGroup>
    <ClCompile Include="src\entry.cpp">
      <Filter>Quelldateien</Filter>
    </ClCompile>
    <ClCompile Include="vendor\Glad\src\glad.c">
      <Filter>Quelldateien</Filter>
    </ClCompile>
    <ClCompile Include="vendor\stb_image\stb_image.cpp">
      <Filter>Quelldateien</Filter>
    </ClCompile>
    <ClCompile Include="src\glpch.cpp">
      <Filter>Quelldateien</Filter>
    </ClCompile>
    <ClCompile Include="src\opengl\shader.cpp">
      <Filter>Quelldateien</Filter>
    </ClCompile>
    <ClCompile Include="src\opengl\texture.cpp">
      <Filter>Quelldateien</Filter>
    </ClCompile>
    <ClCompile Include="src\io\keyboard.cpp">
      <Filter>Quelldateien</Filter>
    </ClCompile>
    <ClCompile Include="src\io\mouse.cpp">
      <Filter>Quelldateien</Filter>
    </ClCompile>
    <ClCompile Include="src\io\joystick.cpp">
      <Filter>Quelldateien</Filter>
    </ClCompile>
    <ClCompile Include="src\io\camera.cpp">
      <Filter>Quelldateien</Filter>
    </ClCompile>
    <ClCompile Include="src\opengl\mesh.cpp">
      <Filter>Quelldateien</Filter>
    </ClCompile>
    <ClCompile Include="src\opengl\model.cpp">
      <Filter>Quelldateien</Filter>
    </ClCompile>
    <ClCompile Include="src\opengl\material.cpp">
      <Filter>Quelldateien</Filter>
    </ClCompile>
    <ClCompile Include="src\opengl\light.cpp">
      <Filter>Quelldateien</Filter>
    </ClCompile>
    <ClCompile Include="src\core\logging.cpp">
      <Filter>Quelldateien</Filter>
    </ClCompile>
    <ClCompile Include="src\gameplay\game.cpp">
      <Filter>Quelldateien</Filter>
    </ClCompile>
    <ClCompile Include="src\gameplay\player.cpp">
      <Filter>Quelldateien</Filter>
    </ClCompile>
    <ClCompile Include="src\core\application.cpp">
      <Filter>Quelldateien</Filter>
    </ClCompile>
    <ClCompile Include="src\opengl\vertex_array.cpp">
      <Filter>Quelldateien</Filter>
    </ClCompile>
    <ClCompile Include="src\opengl\gl_buffer.cpp">
      <Filter>Quelldateien</Filter>
    </ClCompile>
    <ClCompile Include="src\opengl\renderer.cpp">
      <Filter>Quelldateien</Filter>
    </ClCompile>
    <ClCompile Include="src\core\window.cpp">
      <Filter>Quelldateien</Filter>
    </ClCompile>
    <ClCompile Include="src\opengl\models\sphere.hpp">
      <Filter>Quelldateien</Filter>
    </ClCompile>
    <ClCompile Include="src\physics\rigidbody.cpp">
      <Filter>Quelldateien</Filter>
    </ClCompile>
    <ClCompile Include="src\physics\physics_world.cpp">
      <Filter>Quelldateien</Filter>
    </ClCompile>
  </ItemGroup>
  <ItemGroup>
    <ClInclude Include="vendor\stb_image\stb_image.h">
      <Filter>Headerdateien</Filter>
    </ClInclude>
    <ClInclude Include="src\core\defines.h">
      <Filter>Headerdateien</Filter>
    </ClInclude>
    <ClInclude Include="src\glpch.h">
      <Filter>Headerdateien</Filter>
    </ClInclude>
    <ClInclude Include="src\opengl\shader.h">
      <Filter>Headerdateien</Filter>
    </ClInclude>
    <ClInclude Include="src\io\keyboard.h">
      <Filter>Headerdateien</Filter>
    </ClInclude>
    <ClInclude Include="src\io\mouse.h">
      <Filter>Headerdateien</Filter>
    </ClInclude>
    <ClInclude Include="src\io\joystick.h">
      <Filter>Headerdateien</Filter>
    </ClInclude>
    <ClInclude Include="src\io\camera.h">
      <Filter>Headerdateien</Filter>
    </ClInclude>
    <ClInclude Include="src\opengl\mesh.h">
      <Filter>Headerdateien</Filter>
    </ClInclude>
    <ClInclude Include="src\opengl\model.h">
      <Filter>Headerdateien</Filter>
    </ClInclude>
    <ClInclude Include="src\opengl\models\cube.hpp">
      <Filter>Headerdateien</Filter>
    </ClInclude>
    <ClInclude Include="src\opengl\material.h">
      <Filter>Headerdateien</Filter>
    </ClInclude>
    <ClInclude Include="src\opengl\models\lamp.hpp">
      <Filter>Headerdateien</Filter>
    </ClInclude>
    <ClInclude Include="src\opengl\light.h">
      <Filter>Headerdateien</Filter>
    </ClInclude>
    <ClInclude Include="src\core\asserts.h">
      <Filter>Headerdateien</Filter>
    </ClInclude>
    <ClInclude Include="src\core\logging.h">
      <Filter>Headerdateien</Filter>
    </ClInclude>
    <ClInclude Include="src\gameplay\game.h">
      <Filter>Headerdateien</Filter>
    </ClInclude>
    <ClInclude Include="src\gameplay\player.h">
      <Filter>Headerdateien</Filter>
    </ClInclude>
    <ClInclude Include="src\core\application.h">
      <Filter>Headerdateien</Filter>
    </ClInclude>
    <ClInclude Include="src\opengl\vertex_array.h">
      <Filter>Headerdateien</Filter>
    </ClInclude>
    <ClInclude Include="src\opengl\render_commands.h">
      <Filter>Headerdateien</Filter>
    </ClInclude>
    <ClInclude Include="src\opengl\gl_buffer.h">
      <Filter>Headerdateien</Filter>
    </ClInclude>
    <ClInclude Include="src\opengl\gl_base_element.h">
      <Filter>Headerdateien</Filter>
    </ClInclude>
    <ClInclude Include="src\opengl\renderer.h">
      <Filter>Headerdateien</Filter>
    </ClInclude>
    <ClInclude Include="src\core\window.h">
      <Filter>Headerdateien</Filter>
    </ClInclude>
    <ClInclude Include="src\physics\rigidbody.h">
      <Filter>Headerdateien</Filter>
    </ClInclude>
    <ClInclude Include="src\physics\physics_world.h">
      <Filter>Headerdateien</Filter>
    </ClInclude>
    <ClInclude Include="src\opengl\models\model_list.h">
      <Filter>Headerdateien</Filter>
    </ClInclude>
  </ItemGroup>
  <ItemGroup>
    <None Include="assets\shaders\object.vert" />
    <None Include="assets\shaders\object.frag" />
    <None Include="src\opengl\texture.h" />
    <None Include="assets\shaders\lamp.frag" />
  </ItemGroup>
  <ItemGroup>
    <Image Include="assets\textures\landscape.jpg">
      <Filter>Ressourcendateien</Filter>
    </Image>
    <Image Include="assets\textures\player.png">
      <Filter>Ressourcendateien</Filter>
    </Image>
    <Image Include="assets\textures\grass.png">
      <Filter>Ressourcendateien</Filter>
    </Image>
  </ItemGroup>
</Project>